<?xml version="1.0" encoding="utf-8"?>
<Project ToolsVersion="4.0" xmlns="http://schemas.microsoft.com/developer/msbuild/2003">
  <ItemGroup>
    <Filter Include="Исходные файлы">
      <UniqueIdentifier>{4FC737F1-C7A5-4376-A066-2A32D752A2FF}</UniqueIdentifier>
      <Extensions>cpp;c;cc;cxx;c++;cppm;ixx;def;odl;idl;hpj;bat;asm;asmx</Extensions>
    </Filter>
    <Filter Include="Файлы заголовков">
      <UniqueIdentifier>{93995380-89BD-4b04-88EB-625FBE52EBFB}</UniqueIdentifier>
      <Extensions>h;hh;hpp;hxx;h++;hm;inl;inc;ipp;xsd</Extensions>
    </Filter>
    <Filter Include="Файлы ресурсов">
      <UniqueIdentifier>{67DA6AB6-F800-4c08-8B7A-83BB121AAD01}</UniqueIdentifier>
      <Extensions>rc;ico;cur;bmp;dlg;rc2;rct;bin;rgs;gif;jpg;jpeg;jpe;resx;tiff;tif;png;wav;mfcribbon-ms</Extensions>
    </Filter>
    <Filter Include="Исходные файлы\Body">
      <UniqueIdentifier>{0499fe7c-889f-4a7b-9fc8-15e7cba48d80}</UniqueIdentifier>
    </Filter>
    <Filter Include="Файлы заголовков\Body">
      <UniqueIdentifier>{d37d87f1-8d7c-47a5-8c31-e469bdadb9f9}</UniqueIdentifier>
    </Filter>
    <Filter Include="Файлы заголовков\Level">
      <UniqueIdentifier>{fe466a85-b730-4a10-9c79-ee9fc3959347}</UniqueIdentifier>
    </Filter>
    <Filter Include="Исходные файлы\Level">
      <UniqueIdentifier>{6d8cc19c-8386-4e1d-994e-d4c3b04b21eb}</UniqueIdentifier>
    </Filter>
  </ItemGroup>
  <ItemGroup>
    <ClCompile Include="main.cpp">
      <Filter>Исходные файлы</Filter>
    </ClCompile>
    <ClCompile Include="Printer.cpp">
      <Filter>Исходные файлы</Filter>
    </ClCompile>
    <ClCompile Include="GameMath.cpp">
      <Filter>Исходные файлы</Filter>
    </ClCompile>
    <ClCompile Include="Anatomy.cpp">
      <Filter>Исходные файлы</Filter>
    </ClCompile>
    <ClCompile Include="Inventory.cpp">
      <Filter>Исходные файлы</Filter>
    </ClCompile>
    <ClCompile Include="Controller.cpp">
      <Filter>Исходные файлы</Filter>
    </ClCompile>
    <ClCompile Include="Barrier.cpp">
      <Filter>Исходные файлы</Filter>
    </ClCompile>
    <ClCompile Include="RigidBody.cpp">
      <Filter>Исходные файлы\Body</Filter>
    </ClCompile>
    <ClCompile Include="KinematicBody.cpp">
      <Filter>Исходные файлы\Body</Filter>
    </ClCompile>
    <ClCompile Include="StaticBody.cpp">
      <Filter>Исходные файлы\Body</Filter>
    </ClCompile>
    <ClCompile Include="Area.cpp">
      <Filter>Исходные файлы\Body</Filter>
    </ClCompile>
    <ClCompile Include="Character.cpp">
      <Filter>Исходные файлы\Level</Filter>
    </ClCompile>
    <ClCompile Include="Level.cpp">
      <Filter>Исходные файлы\Level</Filter>
    </ClCompile>
    <ClCompile Include="TileMap.cpp">
      <Filter>Исходные файлы\Level</Filter>
    </ClCompile>
  </ItemGroup>
  <ItemGroup>
    <ClInclude Include="Player.h">
      <Filter>Файлы заголовков</Filter>
    </ClInclude>
    <ClInclude Include="Printer.h">
      <Filter>Файлы заголовков</Filter>
    </ClInclude>
    <ClInclude Include="GameMath.h">
      <Filter>Файлы заголовков</Filter>
    </ClInclude>
    <ClInclude Include="Anatomy.h">
      <Filter>Файлы заголовков</Filter>
    </ClInclude>
    <ClInclude Include="Inventory.h">
      <Filter>Файлы заголовков</Filter>
    </ClInclude>
    <ClInclude Include="Controller.h">
      <Filter>Файлы заголовков</Filter>
    </ClInclude>
    <ClInclude Include="Barrier.h">
      <Filter>Файлы заголовков</Filter>
    </ClInclude>
    <ClInclude Include="StaticBody.h">
      <Filter>Файлы заголовков\Body</Filter>
    </ClInclude>
    <ClInclude Include="RigidBody.h">
      <Filter>Файлы заголовков\Body</Filter>
    </ClInclude>
    <ClInclude Include="KinematicBody.h">
      <Filter>Файлы заголовков\Body</Filter>
    </ClInclude>
    <ClInclude Include="Area.h">
      <Filter>Файлы заголовков\Body</Filter>
    </ClInclude>
    <ClInclude Include="TileMap.h">
      <Filter>Файлы заголовков\Level</Filter>
    </ClInclude>
    <ClInclude Include="Level.h">
      <Filter>Файлы заголовков\Level</Filter>
    </ClInclude>
    <ClInclude Include="Character.h">
      <Filter>Файлы заголовков\Level</Filter>
    </ClInclude>
  </ItemGroup>
  <ItemGroup>
    <Text Include="TyleTypes.txt">
      <Filter>Файлы ресурсов</Filter>
    </Text>
  </ItemGroup>
</Project>